version = 1
requires-python = ">=3.11"

[[package]]
name = "support-ticket-triage-env"
version = "1.0.0"
source = { editable = "." }
dependencies = [
  { name = "fastapi", version = "0.111.0" },
  { name = "uvicorn", version = "0.29.0" },
  { name = "pydantic", version = "2.7.1" },
  { name = "openai", version = "2.7.2" },
  { name = "httpx", version = "0.27.0" },
  { name = "python-dotenv", version = "1.0.1" },
  { name = "openenv-core", version = "0.2.2" },
]

[package.metadata]
requires-dist = [
  { name = "fastapi", specifier = ">=0.111.0" },
  { name = "uvicorn", specifier = ">=0.29.0" },
  { name = "pydantic", specifier = ">=2.7.1" },
  { name = "openai", specifier = ">=2.7.2" },
  { name = "httpx", specifier = ">=0.27.0" },
  { name = "python-dotenv", specifier = ">=1.0.1" },
  { name = "openenv-core", specifier = ">=0.2.2" },
]
